// !$*UTF8*$!
{
	archiveVersion = 1;
	classes = {
	};
	objectVersion = 60;
	objects = {

/* Begin PBXBuildFile section */
		A1B1C1D10001 /* SampleAppApp.swift in Sources */ = {isa = PBXBuildFile; fileRef = A1B1C1D20001 /* SampleAppApp.swift */; };
		A1B1C1D10002 /* ContentView.swift in Sources */ = {isa = PBXBuildFile; fileRef = A1B1C1D20002 /* ContentView.swift */; };
		A1B1C1D10003 /* Assets.xcassets in Resources */ = {isa = PBXBuildFile; fileRef = A1B1C1D20003 /* Assets.xcassets */; };

		A1B1C1D10006 /* CompanionCache.swift in Sources */ = {isa = PBXBuildFile; fileRef = A1B1C1D20006 /* CompanionCache.swift */; };
		A1B1C1D10007 /* CompanionDebug.swift in Sources */ = {isa = PBXBuildFile; fileRef = A1B1C1D20007 /* CompanionDebug.swift */; };
		BB591B612F5B4EAE00CEC212 /* NewsCompanionKit in Frameworks */ = {isa = PBXBuildFile; productRef = A1B1C1D50002 /* NewsCompanionKit */; };
		A1B1C1D10008 /* SummaryToAudio in Frameworks */ = {isa = PBXBuildFile; productRef = A1B1C1D50003 /* SummaryToAudio */; };
/* End PBXBuildFile section */

/* Begin PBXFileReference section */
		A1B1C1D20000 /* SampleApp.app */ = {isa = PBXFileReference; explicitFileType = wrapper.application; includeInIndex = 0; path = SampleApp.app; sourceTree = BUILT_PRODUCTS_DIR; };
		A1B1C1D20001 /* SampleAppApp.swift */ = {isa = PBXFileReference; lastKnownFileType = sourcecode.swift; path = SampleAppApp.swift; sourceTree = "<group>"; };
		A1B1C1D20002 /* ContentView.swift */ = {isa = PBXFileReference; lastKnownFileType = sourcecode.swift; path = ContentView.swift; sourceTree = "<group>"; };
		A1B1C1D20003 /* Assets.xcassets */ = {isa = PBXFileReference; lastKnownFileType = folder.assetcatalog; path = Assets.xcassets; sourceTree = "<group>"; };

		A1B1C1D20005 /* ApiKeys.xcconfig */ = {isa = PBXFileReference; lastKnownFileType = text.xcconfig; path = ApiKeys.xcconfig; sourceTree = "<group>"; };
		A1B1C1D20006 /* CompanionCache.swift */ = {isa = PBXFileReference; lastKnownFileType = sourcecode.swift; path = CompanionCache.swift; sourceTree = "<group>"; };
		A1B1C1D20007 /* CompanionDebug.swift */ = {isa = PBXFileReference; lastKnownFileType = sourcecode.swift; path = CompanionDebug.swift; sourceTree = "<group>"; };
/* End PBXFileReference section */

/* Begin PBXFrameworksBuildPhase section */
		A1B1C1D30001 /* Frameworks */ = {
			isa = PBXFrameworksBuildPhase;
			buildActionMask = 2147483647;
			files = (
				BB591B612F5B4EAE00CEC212 /* NewsCompanionKit in Frameworks */,
				A1B1C1D10008 /* SummaryToAudio in Frameworks */,
			);
			runOnlyForDeploymentPostprocessing = 0;
		};
/* End PBXFrameworksBuildPhase section */

/* Begin PBXGroup section */
		A1B1C1D60001 = {
			isa = PBXGroup;
			children = (
				A1B1C1D60002 /* SampleApp */,
				A1B1C1D60003 /* Products */,
				A1B1C1D20005 /* ApiKeys.xcconfig */,
			);
			sourceTree = "<group>";
		};
		A1B1C1D60002 /* SampleApp */ = {
			isa = PBXGroup;
			children = (
				A1B1C1D20001 /* SampleAppApp.swift */,
				A1B1C1D20002 /* ContentView.swift */,

				A1B1C1D20006 /* CompanionCache.swift */,
				A1B1C1D20007 /* CompanionDebug.swift */,
				A1B1C1D20003 /* Assets.xcassets */,
			);
			path = SampleApp;
			sourceTree = "<group>";
		};
		A1B1C1D60003 /* Products */ = {
			isa = PBXGroup;
			children = (
				A1B1C1D20000 /* SampleApp.app */,
			);
			name = Products;
			sourceTree = "<group>";
		};
/* End PBXGroup section */

/* Begin PBXNativeTarget section */
		A1B1C1D70001 /* SampleApp */ = {
			isa = PBXNativeTarget;
			buildConfigurationList = A1B1C1D80003 /* Build configuration list for PBXNativeTarget "SampleApp" */;
			buildPhases = (
				A1B1C1D70002 /* Sources */,
				A1B1C1D30001 /* Frameworks */,
				A1B1C1D70003 /* Resources */,
				A1B1C1D70004 /* Inject API key into Info.plist */,
			);
			buildRules = (
			);
			dependencies = (
			);
			name = SampleApp;
			packageProductDependencies = (
				A1B1C1D50002 /* NewsCompanionKit */,
				A1B1C1D50003 /* SummaryToAudio */,
			);
			productName = SampleApp;
			productReference = A1B1C1D20000 /* SampleApp.app */;
			productType = "com.apple.product-type.application";
		};
/* End PBXNativeTarget section */

/* Begin PBXProject section */
		A1B1C1D90001 /* Project object */ = {
			isa = PBXProject;
			attributes = {
				BuildIndependentTargetsInParallel = 1;
				LastSwiftUpdateCheck = 1500;
				LastUpgradeCheck = 1500;
			};
			buildConfigurationList = A1B1C1D80001 /* Build configuration list for PBXProject "SampleApp" */;
			compatibilityVersion = "Xcode 14.0";
			developmentRegion = en;
			hasScannedForEncodings = 0;
			knownRegions = (
				en,
				Base,
			);
			mainGroup = A1B1C1D60001;
			packageReferences = (
				A1B1C1D40001 /* XCLocalSwiftPackageReference ".." */,
			);
			productRefGroup = A1B1C1D60003 /* Products */;
			projectDirPath = "";
			projectRoot = "";
			targets = (
				A1B1C1D70001 /* SampleApp */,
			);
		};
/* End PBXProject section */

/* Begin PBXResourcesBuildPhase section */
		A1B1C1D70003 /* Resources */ = {
			isa = PBXResourcesBuildPhase;
			buildActionMask = 2147483647;
			files = (
				A1B1C1D10003 /* Assets.xcassets in Resources */,
			);
			runOnlyForDeploymentPostprocessing = 0;
		};
/* End PBXResourcesBuildPhase section */

/* Begin PBXShellScriptBuildPhase section */
		A1B1C1D70004 /* Inject API key into Info.plist */ = {
			isa = PBXShellScriptBuildPhase;
			buildActionMask = 2147483647;
			files = (
			);
			inputFileListPaths = (
			);
			inputPaths = (
				"$(BUILT_PRODUCTS_DIR)/$(WRAPPER_NAME)/Info.plist",
			);
			name = "Inject API key into Info.plist";
			outputFileListPaths = (
			);
			outputPaths = (
			);
			runOnlyForDeploymentPostprocessing = 0;
			shellPath = /bin/sh;
			shellScript = "INFOPLIST=\"${BUILT_PRODUCTS_DIR}/${WRAPPER_NAME}/Info.plist\"\nif [ -f \"$INFOPLIST\" ]; then\n  for KEYNAME in GEMINI_API_KEY CLAUDE_API_KEY OPENAI_API_KEY GROQ_API_KEY SARVAM_API_KEY ELEVENLABS_API_KEY; do\n    eval RAW=\"\\${$KEYNAME}\"\n    RAW=\"${RAW#\\\"}\"\n    RAW=\"${RAW%\\\"}\"\n    if [ -n \"$RAW\" ]; then\n      /usr/libexec/PlistBuddy -c \"Delete :$KEYNAME\" \"$INFOPLIST\" 2>/dev/null\n      /usr/libexec/PlistBuddy -c \"Add :$KEYNAME string \\\"$RAW\\\"\" \"$INFOPLIST\"\n    fi\n  done\nfi\n";
		};
/* End PBXShellScriptBuildPhase section */

/* Begin PBXSourcesBuildPhase section */
		A1B1C1D70002 /* Sources */ = {
			isa = PBXSourcesBuildPhase;
			buildActionMask = 2147483647;
			files = (
				A1B1C1D10001 /* SampleAppApp.swift in Sources */,
				A1B1C1D10002 /* ContentView.swift in Sources */,

				A1B1C1D10006 /* CompanionCache.swift in Sources */,
				A1B1C1D10007 /* CompanionDebug.swift in Sources */,
			);
			runOnlyForDeploymentPostprocessing = 0;
		};
/* End PBXSourcesBuildPhase section */

/* Begin XCBuildConfiguration section */
		A1B1C1DA0001 /* Debug */ = {
			isa = XCBuildConfiguration;
			baseConfigurationReference = A1B1C1D20005 /* ApiKeys.xcconfig */;
			buildSettings = {
				ALWAYS_SEARCH_USER_PATHS = NO;
				ASSETCATALOG_COMPILER_GENERATE_SWIFT_ASSET_SYMBOL_EXTENSIONS = YES;
				CLANG_ANALYZER_NONNULL = YES;
				CLANG_ANALYZER_NUMBER_OBJECT_CONVERSION = YES_AGGRESSIVE;
				CLANG_CXX_LANGUAGE_STANDARD = "gnu++20";
				CLANG_ENABLE_MODULES = YES;
				CLANG_ENABLE_OBJC_ARC = YES;
				COPY_PHASE_STRIP = NO;
				DEBUG_INFORMATION_FORMAT = dwarf;
				ENABLE_STRICT_OBJC_MSGSEND = YES;
				ENABLE_TESTABILITY = YES;
				GCC_C_LANGUAGE_STANDARD = gnu17;
				GCC_DYNAMIC_NO_PIC = NO;
				GCC_OPTIMIZATION_LEVEL = 0;
				GCC_PREPROCESSOR_DEFINITIONS = (
					"DEBUG=1",
					"$(inherited)",
				);
				IPHONEOS_DEPLOYMENT_TARGET = 15.0;
				MTL_ENABLE_DEBUG_INFO = INCLUDE_SOURCE;
				MTL_FAST_MATH = YES;
				ONLY_ACTIVE_ARCH = YES;
				SDKROOT = iphoneos;
				SWIFT_ACTIVE_COMPILATION_CONDITIONS = "DEBUG $(inherited)";
				SWIFT_OPTIMIZATION_LEVEL = "-Onone";
			};
			name = Debug;
		};
		A1B1C1DA0002 /* Release */ = {
			isa = XCBuildConfiguration;
			baseConfigurationReference = A1B1C1D20005 /* ApiKeys.xcconfig */;
			buildSettings = {
				ALWAYS_SEARCH_USER_PATHS = NO;
				ASSETCATALOG_COMPILER_GENERATE_SWIFT_ASSET_SYMBOL_EXTENSIONS = YES;
				CLANG_ANALYZER_NONNULL = YES;
				CLANG_ANALYZER_NUMBER_OBJECT_CONVERSION = YES_AGGRESSIVE;
				CLANG_CXX_LANGUAGE_STANDARD = "gnu++20";
				CLANG_ENABLE_MODULES = YES;
				CLANG_ENABLE_OBJC_ARC = YES;
				COPY_PHASE_STRIP = NO;
				DEBUG_INFORMATION_FORMAT = "dwarf-with-dsym";
				ENABLE_NS_ASSERTIONS = NO;
				ENABLE_STRICT_OBJC_MSGSEND = YES;
				GCC_C_LANGUAGE_STANDARD = gnu17;
				GCC_OPTIMIZATION_LEVEL = s;
				IPHONEOS_DEPLOYMENT_TARGET = 15.0;
				MTL_ENABLE_DEBUG_INFO = NO;
				MTL_FAST_MATH = YES;
				SDKROOT = iphoneos;
				SWIFT_COMPILATION_MODE = wholemodule;
				VALIDATE_PRODUCT = YES;
			};
			name = Release;
		};
		A1B1C1DA0003 /* Debug */ = {
			isa = XCBuildConfiguration;
			baseConfigurationReference = A1B1C1D20005 /* ApiKeys.xcconfig */;
			buildSettings = {
				ASSETCATALOG_COMPILER_APPICON_NAME = AppIcon;
				ASSETCATALOG_COMPILER_GLOBAL_ACCENT_COLOR_NAME = AccentColor;
				CODE_SIGN_STYLE = Automatic;
				CURRENT_PROJECT_VERSION = 1;
				DEVELOPMENT_ASSET_PATHS = "";
				ENABLE_PREVIEWS = YES;
				GENERATE_INFOPLIST_FILE = YES;
				INFOPLIST_KEY_UIApplicationSceneManifest_Generation = YES;
				INFOPLIST_KEY_UIApplicationSupportsIndirectInputEvents = YES;
				INFOPLIST_KEY_UILaunchScreen_Generation = YES;
				INFOPLIST_KEY_UISupportedInterfaceOrientations_iPad = "UIInterfaceOrientationPortrait UIInterfaceOrientationPortraitUpsideDown UIInterfaceOrientationLandscapeLeft UIInterfaceOrientationLandscapeRight";
				INFOPLIST_KEY_UISupportedInterfaceOrientations_iPhone = "UIInterfaceOrientationPortrait UIInterfaceOrientationLandscapeLeft UIInterfaceOrientationLandscapeRight";
				IPHONEOS_DEPLOYMENT_TARGET = 17.6;
				LD_RUNPATH_SEARCH_PATHS = (
					"$(inherited)",
					"@executable_path/Frameworks",
				);
				MARKETING_VERSION = 1.0;
				PRODUCT_BUNDLE_IDENTIFIER = com.example.SampleApp;
				PRODUCT_NAME = "$(TARGET_NAME)";
				SWIFT_EMIT_LOC_STRINGS = YES;
				SWIFT_VERSION = 5.0;
				TARGETED_DEVICE_FAMILY = "1,2";
			};
			name = Debug;
		};
		A1B1C1DA0004 /* Release */ = {
			isa = XCBuildConfiguration;
			baseConfigurationReference = A1B1C1D20005 /* ApiKeys.xcconfig */;
			buildSettings = {
				ASSETCATALOG_COMPILER_APPICON_NAME = AppIcon;
				ASSETCATALOG_COMPILER_GLOBAL_ACCENT_COLOR_NAME = AccentColor;
				CODE_SIGN_STYLE = Automatic;
				CURRENT_PROJECT_VERSION = 1;
				DEVELOPMENT_ASSET_PATHS = "";
				ENABLE_PREVIEWS = YES;
				GENERATE_INFOPLIST_FILE = YES;
				INFOPLIST_KEY_UIApplicationSceneManifest_Generation = YES;
				INFOPLIST_KEY_UIApplicationSupportsIndirectInputEvents = YES;
				INFOPLIST_KEY_UILaunchScreen_Generation = YES;
				INFOPLIST_KEY_UISupportedInterfaceOrientations_iPad = "UIInterfaceOrientationPortrait UIInterfaceOrientationPortraitUpsideDown UIInterfaceOrientationLandscapeLeft UIInterfaceOrientationLandscapeRight";
				INFOPLIST_KEY_UISupportedInterfaceOrientations_iPhone = "UIInterfaceOrientationPortrait UIInterfaceOrientationLandscapeLeft UIInterfaceOrientationLandscapeRight";
				IPHONEOS_DEPLOYMENT_TARGET = 17.6;
				LD_RUNPATH_SEARCH_PATHS = (
					"$(inherited)",
					"@executable_path/Frameworks",
				);
				MARKETING_VERSION = 1.0;
				PRODUCT_BUNDLE_IDENTIFIER = com.example.SampleApp;
				PRODUCT_NAME = "$(TARGET_NAME)";
				SWIFT_EMIT_LOC_STRINGS = YES;
				SWIFT_VERSION = 5.0;
				TARGETED_DEVICE_FAMILY = "1,2";
			};
			name = Release;
		};
/* End XCBuildConfiguration section */

/* Begin XCConfigurationList section */
		A1B1C1D80001 /* Build configuration list for PBXProject "SampleApp" */ = {
			isa = XCConfigurationList;
			buildConfigurations = (
				A1B1C1DA0001 /* Debug */,
				A1B1C1DA0002 /* Release */,
			);
			defaultConfigurationIsVisible = 0;
			defaultConfigurationName = Release;
		};
		A1B1C1D80003 /* Build configuration list for PBXNativeTarget "SampleApp" */ = {
			isa = XCConfigurationList;
			buildConfigurations = (
				A1B1C1DA0003 /* Debug */,
				A1B1C1DA0004 /* Release */,
			);
			defaultConfigurationIsVisible = 0;
			defaultConfigurationName = Release;
		};
/* End XCConfigurationList section */

/* Begin XCLocalSwiftPackageReference section */
		A1B1C1D40001 /* XCLocalSwiftPackageReference ".." */ = {
			isa = XCLocalSwiftPackageReference;
			relativePath = ..;
		};
/* End XCLocalSwiftPackageReference section */

/* Begin XCSwiftPackageProductDependency section */
		A1B1C1D50002 /* NewsCompanionKit */ = {
			isa = XCSwiftPackageProductDependency;
			package = A1B1C1D40001 /* XCLocalSwiftPackageReference ".." */;
			productName = NewsCompanionKit;
		};
		A1B1C1D50003 /* SummaryToAudio */ = {
			isa = XCSwiftPackageProductDependency;
			package = A1B1C1D40001 /* XCLocalSwiftPackageReference \"..\" */;
			productName = SummaryToAudio;
		};
/* End XCSwiftPackageProductDependency section */
	};
	rootObject = A1B1C1D90001 /* Project object */;
}
